
Microsoft Visual Studio Solution File, Format Version 12.00
# Visual Studio 15
VisualStudioVersion = 15.0.27703.2000
MinimumVisualStudioVersion = 10.0.40219.1
Project("{8BC9CEB8-8B4A-11D0-8D11-00A0C91BC942}") = "Project1", "Project1.vcxproj", "{408908F0-DE80-4D3E-9F02-F379E003E5DB}"
EndProject
Global
	GlobalSection(SolutionConfigurationPlatforms) = preSolution
		Debug|x64 = Debug|x64
		Debug|x86 = Debug|x86
		Editer|x64 = Editer|x64
		Editer|x86 = Editer|x86
		GamePlay|x64 = GamePlay|x64
		GamePlay|x86 = GamePlay|x86
		Release|x64 = Release|x64
		Release|x86 = Release|x86
	EndGlobalSection
	GlobalSection(ProjectConfigurationPlatforms) = postSolution
		{408908F0-DE80-4D3E-9F02-F379E003E5DB}.Debug|x64.ActiveCfg = Debug|x64
		{408908F0-DE80-4D3E-9F02-F379E003E5DB}.Debug|x64.Build.0 = Debug|x64
		{408908F0-DE80-4D3E-9F02-F379E003E5DB}.Debug|x86.ActiveCfg = Debug|Win32
		{408908F0-DE80-4D3E-9F02-F379E003E5DB}.Debug|x86.Build.0 = Debug|Win32
		{408908F0-DE80-4D3E-9F02-F379E003E5DB}.Editer|x64.ActiveCfg = Editer|x64
		{408908F0-DE80-4D3E-9F02-F379E003E5DB}.Editer|x64.Build.0 = Editer|x64
		{408908F0-DE80-4D3E-9F02-F379E003E5DB}.Editer|x86.ActiveCfg = Editer|Win32
		{408908F0-DE80-4D3E-9F02-F379E003E5DB}.Editer|x86.Build.0 = Editer|Win32
		{408908F0-DE80-4D3E-9F02-F379E003E5DB}.GamePlay|x64.ActiveCfg = GamePlay|x64
		{408908F0-DE80-4D3E-9F02-F379E003E5DB}.GamePlay|x64.Build.0 = GamePlay|x64
		{408908F0-DE80-4D3E-9F02-F379E003E5DB}.GamePlay|x86.ActiveCfg = GamePlay|Win32
		{408908F0-DE80-4D3E-9F02-F379E003E5DB}.GamePlay|x86.Build.0 = GamePlay|Win32
		{408908F0-DE80-4D3E-9F02-F379E003E5DB}.Release|x64.ActiveCfg = Release|x64
		{408908F0-DE80-4D3E-9F02-F379E003E5DB}.Release|x64.Build.0 = Release|x64
		{408908F0-DE80-4D3E-9F02-F379E003E5DB}.Release|x86.ActiveCfg = Release|Win32
		{408908F0-DE80-4D3E-9F02-F379E003E5DB}.Release|x86.Build.0 = Release|Win32
	EndGlobalSection
	GlobalSection(SolutionProperties) = preSolution
		HideSolutionNode = FALSE
	EndGlobalSection
	GlobalSection(ExtensibilityGlobals) = postSolution
		SolutionGuid = {4EBBE532-4406-4CD5-8F17-179AD3EC6A03}
	EndGlobalSection
EndGlobal
